
Microsoft Visual Studio Solution File, Format Version 12.00
# Visual Studio 15
VisualStudioVersion = 15.0.28010.2046
MinimumVisualStudioVersion = 10.0.40219.1
Project("{9A19103F-16F7-4668-BE54-9A1E7A4F7556}") = "Daybreaksoft.Extensions.TimeZone", "src\Daybreaksoft.Extensions.TimeZone\Daybreaksoft.Extensions.TimeZone.csproj", "{75258448-5F87-4B96-B2A6-D787229FD065}"
EndProject
Project("{2150E333-8FDC-42A3-9474-1A3956D46DE8}") = "src", "src", "{798A4EBA-1AB1-4F35-B3E0-68FC16AD54ED}"
EndProject
Project("{FAE04EC0-301F-11D3-BF4B-00C04F79EFBC}") = "Daybreaksoft.Extensions.AspNetCore.TimeZone", "src\Daybreaksoft.Extensions.AspNetCore.TimeZone\Daybreaksoft.Extensions.AspNetCore.TimeZone.csproj", "{8BB89338-5CF8-4655-BB25-6E0972DA3F43}"
EndProject
Global
	GlobalSection(SolutionConfigurationPlatforms) = preSolution
		Debug|Any CPU = Debug|Any CPU
		Release|Any CPU = Release|Any CPU
	EndGlobalSection
	GlobalSection(ProjectConfigurationPlatforms) = postSolution
		{75258448-5F87-4B96-B2A6-D787229FD065}.Debug|Any CPU.ActiveCfg = Debug|Any CPU
		{75258448-5F87-4B96-B2A6-D787229FD065}.Debug|Any CPU.Build.0 = Debug|Any CPU
		{75258448-5F87-4B96-B2A6-D787229FD065}.Release|Any CPU.ActiveCfg = Release|Any CPU
		{75258448-5F87-4B96-B2A6-D787229FD065}.Release|Any CPU.Build.0 = Release|Any CPU
		{8BB89338-5CF8-4655-BB25-6E0972DA3F43}.Debug|Any CPU.ActiveCfg = Debug|Any CPU
		{8BB89338-5CF8-4655-BB25-6E0972DA3F43}.Debug|Any CPU.Build.0 = Debug|Any CPU
		{8BB89338-5CF8-4655-BB25-6E0972DA3F43}.Release|Any CPU.ActiveCfg = Release|Any CPU
		{8BB89338-5CF8-4655-BB25-6E0972DA3F43}.Release|Any CPU.Build.0 = Release|Any CPU
	EndGlobalSection
	GlobalSection(SolutionProperties) = preSolution
		HideSolutionNode = FALSE
	EndGlobalSection
	GlobalSection(NestedProjects) = preSolution
		{75258448-5F87-4B96-B2A6-D787229FD065} = {798A4EBA-1AB1-4F35-B3E0-68FC16AD54ED}
		{8BB89338-5CF8-4655-BB25-6E0972DA3F43} = {798A4EBA-1AB1-4F35-B3E0-68FC16AD54ED}
	EndGlobalSection
	GlobalSection(ExtensibilityGlobals) = postSolution
		SolutionGuid = {1F68A06E-9E9B-4975-90F7-9DD2B501C1B3}
	EndGlobalSection
EndGlobal
